
Microsoft Visual Studio Solution File, Format Version 11.00
# Visual Studio 2010
Project("{FAE04EC0-301F-11D3-BF4B-00C04F79EFBC}") = "BankTellerModule", "BankTellerModule\BankTellerModule.csproj", "{F5E262B3-2535-4579-B2A6-3FC5BD45EABB}"
EndProject
Project("{2150E333-8FDC-42A3-9474-1A3956D46DE8}") = "CAB", "CAB", "{5992C002-9115-471A-8B40-EFB29BB85CE5}"
EndProject
Project("{FAE04EC0-301F-11D3-BF4B-00C04F79EFBC}") = "Infragistics.CompositeUI.WinForms", "..\..\Source\Infragistics.CompositeUI.WinForms\Infragistics.CompositeUI.WinForms.csproj", "{E9F028B3-3817-46FB-9324-EAAEF0DF5225}"
EndProject
Project("{FAE04EC0-301F-11D3-BF4B-00C04F79EFBC}") = "BankTellerCommon", "BankTellerCommon\BankTellerCommon.csproj", "{5461523C-4DCE-4672-BC72-7F0C99501F43}"
EndProject
Project("{FAE04EC0-301F-11D3-BF4B-00C04F79EFBC}") = "CustomerMapExtensionModule", "BankTellerModuleExtension\CustomerMapExtensionModule.csproj", "{A7848178-09E6-4FC7-A21E-9CB9418984A5}"
EndProject
Project("{FAE04EC0-301F-11D3-BF4B-00C04F79EFBC}") = "BankShell", "BankShell\BankShell.csproj", "{62B89443-7C08-4753-9C43-F53DABF7549D}"
EndProject
Global
	GlobalSection(SolutionConfigurationPlatforms) = preSolution
		Debug|Any CPU = Debug|Any CPU
		Release|Any CPU = Release|Any CPU
	EndGlobalSection
	GlobalSection(ProjectConfigurationPlatforms) = postSolution
		{E9F028B3-3817-46FB-9324-EAAEF0DF5225}.Debug|Any CPU.ActiveCfg = Debug|Any CPU
		{E9F028B3-3817-46FB-9324-EAAEF0DF5225}.Debug|Any CPU.Build.0 = Debug|Any CPU
		{E9F028B3-3817-46FB-9324-EAAEF0DF5225}.Release|Any CPU.ActiveCfg = Release|Any CPU
		{E9F028B3-3817-46FB-9324-EAAEF0DF5225}.Release|Any CPU.Build.0 = Release|Any CPU
		{62B89443-7C08-4753-9C43-F53DABF7549D}.Debug|Any CPU.ActiveCfg = Debug|Any CPU
		{62B89443-7C08-4753-9C43-F53DABF7549D}.Debug|Any CPU.Build.0 = Debug|Any CPU
		{62B89443-7C08-4753-9C43-F53DABF7549D}.Release|Any CPU.ActiveCfg = Release|Any CPU
		{62B89443-7C08-4753-9C43-F53DABF7549D}.Release|Any CPU.Build.0 = Release|Any CPU
		{5461523C-4DCE-4672-BC72-7F0C99501F43}.Debug|Any CPU.ActiveCfg = Debug|Any CPU
		{5461523C-4DCE-4672-BC72-7F0C99501F43}.Debug|Any CPU.Build.0 = Debug|Any CPU
		{5461523C-4DCE-4672-BC72-7F0C99501F43}.Release|Any CPU.ActiveCfg = Release|Any CPU
		{5461523C-4DCE-4672-BC72-7F0C99501F43}.Release|Any CPU.Build.0 = Release|Any CPU
		{F5E262B3-2535-4579-B2A6-3FC5BD45EABB}.Debug|Any CPU.ActiveCfg = Debug|Any CPU
		{F5E262B3-2535-4579-B2A6-3FC5BD45EABB}.Debug|Any CPU.Build.0 = Debug|Any CPU
		{F5E262B3-2535-4579-B2A6-3FC5BD45EABB}.Release|Any CPU.ActiveCfg = Release|Any CPU
		{F5E262B3-2535-4579-B2A6-3FC5BD45EABB}.Release|Any CPU.Build.0 = Release|Any CPU
		{A7848178-09E6-4FC7-A21E-9CB9418984A5}.Debug|Any CPU.ActiveCfg = Debug|Any CPU
		{A7848178-09E6-4FC7-A21E-9CB9418984A5}.Debug|Any CPU.Build.0 = Debug|Any CPU
		{A7848178-09E6-4FC7-A21E-9CB9418984A5}.Release|Any CPU.ActiveCfg = Release|Any CPU
		{A7848178-09E6-4FC7-A21E-9CB9418984A5}.Release|Any CPU.Build.0 = Release|Any CPU
	EndGlobalSection
	GlobalSection(SolutionProperties) = preSolution
		HideSolutionNode = FALSE
	EndGlobalSection
	GlobalSection(NestedProjects) = preSolution
		{E9F028B3-3817-46FB-9324-EAAEF0DF5225} = {5992C002-9115-471A-8B40-EFB29BB85CE5}
	EndGlobalSection
EndGlobal
